<?xml version="1.0" encoding="utf-8"?>
<Project ToolsVersion="4.0" xmlns="http://schemas.microsoft.com/developer/msbuild/2003">
  <ItemGroup>
    <Filter Include="Source Files">
      <UniqueIdentifier>{4FC737F1-C7A5-4376-A066-2A32D752A2FF}</UniqueIdentifier>
      <Extensions>cpp;c;cc;cxx;def;odl;idl;hpj;bat;asm;asmx</Extensions>
    </Filter>
    <Filter Include="Header Files">
      <UniqueIdentifier>{93995380-89BD-4b04-88EB-625FBE52EBFB}</UniqueIdentifier>
      <Extensions>h;hpp;hxx;hm;inl;inc;xsd</Extensions>
    </Filter>
    <Filter Include="Resource Files">
      <UniqueIdentifier>{67DA6AB6-F800-4c08-8B7A-83BB121AAD01}</UniqueIdentifier>
      <Extensions>rc;ico;cur;bmp;dlg;rc2;rct;bin;rgs;gif;jpg;jpeg;jpe;resx;tiff;tif;png;wav</Extensions>
    </Filter>
  </ItemGroup>
  <ItemGroup>
    <ClCompile Include="wxMS.cpp">
      <Filter>Source Files</Filter>
    </ClCompile>
    <ClCompile Include="wxMsBaseFrame.cpp">
      <Filter>Source Files</Filter>
    </ClCompile>
    <ClCompile Include="wxMsCmdline.cpp">
      <Filter>Source Files</Filter>
    </ClCompile>
    <ClCompile Include="wxMsConfig.cpp">
      <Filter>Source Files</Filter>
    </ClCompile>
    <ClCompile Include="wxMsFrame.cpp">
      <Filter>Source Files</Filter>
    </ClCompile>
    <ClCompile Include="wxMsAccountsDialog.cpp">
      <Filter>Source Files</Filter>
    </ClCompile>
    <ClCompile Include="wxMsAccountDetails.cpp">
      <Filter>Source Files</Filter>
    </ClCompile>
    <ClCompile Include="wxMsAccountConf.cpp">
      <Filter>Source Files</Filter>
    </ClCompile>
    <ClCompile Include="wxMS_wxcr_bitmaps.cpp">
      <Filter>Source Files</Filter>
    </ClCompile>
    <ClCompile Include="wxMsHelp.cpp">
      <Filter>Source Files</Filter>
    </ClCompile>
    <ClCompile Include="wxMsLinkerTime.cpp">
      <Filter>Source Files</Filter>
    </ClCompile>
    <ClCompile Include="wxMsCheckPopMail.cpp">
      <Filter>Source Files</Filter>
    </ClCompile>
    <ClCompile Include="wxMsUpdateUI.cpp">
      <Filter>Source Files</Filter>
    </ClCompile>
    <ClCompile Include="wxMsMailGrid.cpp">
      <Filter>Source Files</Filter>
    </ClCompile>
    <ClCompile Include="wxMsColSaveRestore.cpp">
      <Filter>Source Files</Filter>
    </ClCompile>
    <ClCompile Include="wxMsRunMailClient.cpp">
      <Filter>Source Files</Filter>
    </ClCompile>
    <ClCompile Include="wxMsOnProcessMail.cpp">
      <Filter>Source Files</Filter>
    </ClCompile>
    <ClCompile Include="wxMsDeleteMsgs.cpp">
      <Filter>Source Files</Filter>
    </ClCompile>
    <ClCompile Include="wxMsBounceMsgs.cpp">
      <Filter>Source Files</Filter>
    </ClCompile>
    <ClCompile Include="wxMsContextMenu.cpp">
      <Filter>Source Files</Filter>
    </ClCompile>
    <ClCompile Include="wxMsMailGridClicks.cpp">
      <Filter>Source Files</Filter>
    </ClCompile>
    <ClCompile Include="wxMsOptions.cpp">
      <Filter>Source Files</Filter>
    </ClCompile>
    <ClCompile Include="wxMsCheckInternet.cpp">
      <Filter>Source Files</Filter>
    </ClCompile>
    <ClCompile Include="wxMsCheck4Update.cpp">
      <Filter>Source Files</Filter>
    </ClCompile>
    <ClCompile Include="wxMsCheck4Update.cpp">
      <Filter>Source Files</Filter>
    </ClCompile>
    <ClCompile Include="wxMsPop3MessagePreview.cpp">
      <Filter>Source Files</Filter>
    </ClCompile>
    <ClCompile Include="wxMsPop3MessagesList.cpp">
      <Filter>Source Files</Filter>
    </ClCompile>
    <ClCompile Include="wxMsPop3Thread.cpp">
      <Filter>Source Files</Filter>
    </ClCompile>
    <ClCompile Include="wxMsMailCheckTimer.cpp">
      <Filter>Source Files</Filter>
    </ClCompile>
    <ClCompile Include="wxMsFriendsBlackLists.cpp">
      <Filter>Source Files</Filter>
    </ClCompile>
    <ClCompile Include="wxMsCurlPop3ExecuteCmd.cpp">
      <Filter>Source Files</Filter>
    </ClCompile>
    <ClCompile Include="wxMsCurlPop3AddHeader2MsgList.cpp">
      <Filter>Source Files</Filter>
    </ClCompile>
    <ClCompile Include="wxMsCurlPop3UpdateListEvent.cpp">
      <Filter>Source Files</Filter>
    </ClCompile>
    <ClCompile Include="wxMsGetMessageFilter.cpp">
      <Filter>Source Files</Filter>
    </ClCompile>
    <ClCompile Include="wxMsCurlPop3ServerTest.cpp">
      <Filter>Source Files</Filter>
    </ClCompile>
    <ClCompile Include="wxMsMailGridChar.cpp">
      <Filter>Source Files</Filter>
    </ClCompile>
    <ClCompile Include="wxMsLog.cpp">
      <Filter>Source Files</Filter>
    </ClCompile>
    <ClCompile Include="wxMsCurlPop3GetMessages.cpp">
      <Filter>Source Files</Filter>
    </ClCompile>
    <ClCompile Include="wxMsThreadCurlPop3ServerTest.cpp">
      <Filter>Source Files</Filter>
    </ClCompile>
    <ClCompile Include="wxMsThreadCurlPop3GetMessages.cpp">
      <Filter>Source Files</Filter>
    </ClCompile>
    <ClCompile Include="wxMsPrintMimeStructure.cpp">
      <Filter>Source Files</Filter>
    </ClCompile>
    <ClCompile Include="wxMsThreadCurlPop3GetMessageBody.cpp">
      <Filter>Source Files</Filter>
    </ClCompile>
    <ClCompile Include="wxMsThreadCurlPop3DeleteMsg.cpp">
      <Filter>Source Files</Filter>
    </ClCompile>
    <ClCompile Include="wxMsFileLog.cpp">
      <Filter>Source Files</Filter>
    </ClCompile>
    <ClCompile Include="wxMsConnectTest.cpp">
      <Filter>Source Files</Filter>
    </ClCompile>
    <ClCompile Include="wxMsDebugRprt.cpp">
      <Filter>Source Files</Filter>
    </ClCompile>
    <ClCompile Include="wxMsPop3AdvancedOptionsDlg.cpp">
      <Filter>Source Files</Filter>
    </ClCompile>
  </ItemGroup>
  <ItemGroup>
    <ClInclude Include="wxMsCmdlineh.h">
      <Filter>Header Files</Filter>
    </ClInclude>
    <ClInclude Include="wxMsConfh.h">
      <Filter>Header Files</Filter>
    </ClInclude>
    <ClInclude Include="wxMsFrameh.h">
      <Filter>Header Files</Filter>
    </ClInclude>
    <ClInclude Include="wxMSh.h">
      <Filter>Header Files</Filter>
    </ClInclude>
    <ClInclude Include="wxMsAccountsDialogh.h">
      <Filter>Header Files</Filter>
    </ClInclude>
    <ClInclude Include="wxMsAccountDetailsh.h">
      <Filter>Header Files</Filter>
    </ClInclude>
    <ClInclude Include="wxMsWindowsIdsh.h">
      <Filter>Header Files</Filter>
    </ClInclude>
    <ClInclude Include="wxMsAccounth.h">
      <Filter>Header Files</Filter>
    </ClInclude>
    <ClInclude Include="wxMsBaseFrame.h">
      <Filter>Header Files</Filter>
    </ClInclude>
    <ClInclude Include="wxMsPreProcDefsh.h">
      <Filter>Header Files</Filter>
    </ClInclude>
    <ClInclude Include="wxMsUpdateCheckDialogh.h">
      <Filter>Header Files</Filter>
    </ClInclude>
    <ClInclude Include="wxMsPop3MsgListh.h">
      <Filter>Header Files</Filter>
    </ClInclude>
    <ClInclude Include="wxMsCurlh.h">
      <Filter>Header Files</Filter>
    </ClInclude>
    <ClInclude Include="wxMsExtendedAddressh.h">
      <Filter>Header Files</Filter>
    </ClInclude>
    <ClInclude Include="wxMsFileLogh.h">
      <Filter>Header Files</Filter>
    </ClInclude>
    <ClInclude Include="wxMsDebugRprth.h">
      <Filter>Header Files</Filter>
    </ClInclude>
    <ClInclude Include="wxMsPop3AdvancedOptionsDlgh.h">
      <Filter>Header Files</Filter>
    </ClInclude>
  </ItemGroup>
  <ItemGroup>
    <ResourceCompile Include="rc\wxMsr.rc">
      <Filter>Resource Files</Filter>
    </ResourceCompile>
  </ItemGroup>
</Project>