<?xml version="1.0" encoding="utf-8"?>
<Project ToolsVersion="4.0" xmlns="http://schemas.microsoft.com/developer/msbuild/2003">
  <ItemGroup>
    <Filter Include="Source Files">
      <UniqueIdentifier>{4FC737F1-C7A5-4376-A066-2A32D752A2FF}</UniqueIdentifier>
      <Extensions>cpp;c;cc;cxx;def;odl;idl;hpj;bat;asm;asmx</Extensions>
    </Filter>
    <Filter Include="Header Files">
      <UniqueIdentifier>{93995380-89BD-4b04-88EB-625FBE52EBFB}</UniqueIdentifier>
      <Extensions>h;hh;hpp;hxx;hm;inl;inc;xsd</Extensions>
    </Filter>
    <Filter Include="Resource Files">
      <UniqueIdentifier>{67DA6AB6-F800-4c08-8B7A-83BB121AAD01}</UniqueIdentifier>
      <Extensions>rc;ico;cur;bmp;dlg;rc2;rct;bin;rgs;gif;jpg;jpeg;jpe;resx;tiff;tif;png;wav;mfcribbon-ms</Extensions>
    </Filter>
  </ItemGroup>
  <ItemGroup>
    <ClCompile Include="body.cxx">
      <Filter>Source Files</Filter>
    </ClCompile>
    <ClCompile Include="contentdescription.cxx">
      <Filter>Source Files</Filter>
    </ClCompile>
    <ClCompile Include="contentdisposition.cxx">
      <Filter>Source Files</Filter>
    </ClCompile>
    <ClCompile Include="contentid.cxx">
      <Filter>Source Files</Filter>
    </ClCompile>
    <ClCompile Include="contenttransferencoding.cxx">
      <Filter>Source Files</Filter>
    </ClCompile>
    <ClCompile Include="contenttype.cxx">
      <Filter>Source Files</Filter>
    </ClCompile>
    <ClCompile Include="fieldparam.cxx">
      <Filter>Source Files</Filter>
    </ClCompile>
    <ClCompile Include="header.cxx">
      <Filter>Source Files</Filter>
    </ClCompile>
    <ClCompile Include="message.cxx">
      <Filter>Source Files</Filter>
    </ClCompile>
    <ClCompile Include="mimeentity.cxx">
      <Filter>Source Files</Filter>
    </ClCompile>
    <ClCompile Include="mimeversion.cxx">
      <Filter>Source Files</Filter>
    </ClCompile>
    <ClCompile Include="strutils.cxx">
      <Filter>Source Files</Filter>
    </ClCompile>
    <ClCompile Include="utils.cxx">
      <Filter>Source Files</Filter>
    </ClCompile>
    <ClCompile Include="version.cxx">
      <Filter>Source Files</Filter>
    </ClCompile>
    <ClCompile Include="rfc822\address.cxx">
      <Filter>Source Files</Filter>
    </ClCompile>
    <ClCompile Include="rfc822\addresslist.cxx">
      <Filter>Source Files</Filter>
    </ClCompile>
    <ClCompile Include="rfc822\datetime.cxx">
      <Filter>Source Files</Filter>
    </ClCompile>
    <ClCompile Include="rfc822\field.cxx">
      <Filter>Source Files</Filter>
    </ClCompile>
    <ClCompile Include="rfc822\fieldvalue.cxx">
      <Filter>Source Files</Filter>
    </ClCompile>
    <ClCompile Include="rfc822\group.cxx">
      <Filter>Source Files</Filter>
    </ClCompile>
    <ClCompile Include="rfc822\mailbox.cxx">
      <Filter>Source Files</Filter>
    </ClCompile>
    <ClCompile Include="rfc822\mailboxlist.cxx">
      <Filter>Source Files</Filter>
    </ClCompile>
    <ClCompile Include="rfc822\messageid.cxx">
      <Filter>Source Files</Filter>
    </ClCompile>
    <ClCompile Include="rfc822\rheader.cxx">
      <Filter>Source Files</Filter>
    </ClCompile>
    <ClCompile Include="rfc822\rmessage.cxx">
      <Filter>Source Files</Filter>
    </ClCompile>
    <ClCompile Include="codec\base64.cxx">
      <Filter>Source Files</Filter>
    </ClCompile>
    <ClCompile Include="codec\qp.cxx">
      <Filter>Source Files</Filter>
    </ClCompile>
  </ItemGroup>
  <ItemGroup>
    <ClInclude Include="include\body.h">
      <Filter>Header Files</Filter>
    </ClInclude>
    <ClInclude Include="include\circular_buffer.h">
      <Filter>Header Files</Filter>
    </ClInclude>
    <ClInclude Include="include\contentdescription.h">
      <Filter>Header Files</Filter>
    </ClInclude>
    <ClInclude Include="include\contentdisposition.h">
      <Filter>Header Files</Filter>
    </ClInclude>
    <ClInclude Include="include\contentid.h">
      <Filter>Header Files</Filter>
    </ClInclude>
    <ClInclude Include="include\contenttransferencoding.h">
      <Filter>Header Files</Filter>
    </ClInclude>
    <ClInclude Include="include\contenttype.h">
      <Filter>Header Files</Filter>
    </ClInclude>
    <ClInclude Include="include\fieldparam.h">
      <Filter>Header Files</Filter>
    </ClInclude>
    <ClInclude Include="include\header.h">
      <Filter>Header Files</Filter>
    </ClInclude>
    <ClInclude Include="include\message.h">
      <Filter>Header Files</Filter>
    </ClInclude>
    <ClInclude Include="include\mimeentity.h">
      <Filter>Header Files</Filter>
    </ClInclude>
    <ClInclude Include="include\mimeentitylist.h">
      <Filter>Header Files</Filter>
    </ClInclude>
    <ClInclude Include="include\mimetic.h">
      <Filter>Header Files</Filter>
    </ClInclude>
    <ClInclude Include="include\mimeversion.h">
      <Filter>Header Files</Filter>
    </ClInclude>
    <ClInclude Include="include\streambufs.h">
      <Filter>Header Files</Filter>
    </ClInclude>
    <ClInclude Include="include\strutils.h">
      <Filter>Header Files</Filter>
    </ClInclude>
    <ClInclude Include="include\tokenizer.h">
      <Filter>Header Files</Filter>
    </ClInclude>
    <ClInclude Include="include\tree.h">
      <Filter>Header Files</Filter>
    </ClInclude>
    <ClInclude Include="include\utils.h">
      <Filter>Header Files</Filter>
    </ClInclude>
    <ClInclude Include="include\version.h">
      <Filter>Header Files</Filter>
    </ClInclude>
    <ClInclude Include="include\wxFileIterator.h">
      <Filter>Header Files</Filter>
    </ClInclude>
    <ClInclude Include="include\codec\base64.h">
      <Filter>Header Files</Filter>
    </ClInclude>
    <ClInclude Include="include\codec\code.h">
      <Filter>Header Files</Filter>
    </ClInclude>
    <ClInclude Include="include\codec\codec.h">
      <Filter>Header Files</Filter>
    </ClInclude>
    <ClInclude Include="include\codec\codec_base.h">
      <Filter>Header Files</Filter>
    </ClInclude>
    <ClInclude Include="include\codec\codec_chain.h">
      <Filter>Header Files</Filter>
    </ClInclude>
    <ClInclude Include="include\codec\other_codecs.h">
      <Filter>Header Files</Filter>
    </ClInclude>
    <ClInclude Include="include\codec\qp.h">
      <Filter>Header Files</Filter>
    </ClInclude>
    <ClInclude Include="include\parser\itparser.h">
      <Filter>Header Files</Filter>
    </ClInclude>
    <ClInclude Include="include\parser\itparserdecl.h">
      <Filter>Header Files</Filter>
    </ClInclude>
    <ClInclude Include="include\rfc822\address.h">
      <Filter>Header Files</Filter>
    </ClInclude>
    <ClInclude Include="include\rfc822\addresslist.h">
      <Filter>Header Files</Filter>
    </ClInclude>
    <ClInclude Include="include\rfc822\body.h">
      <Filter>Header Files</Filter>
    </ClInclude>
    <ClInclude Include="include\rfc822\datetime.h">
      <Filter>Header Files</Filter>
    </ClInclude>
    <ClInclude Include="include\rfc822\field.h">
      <Filter>Header Files</Filter>
    </ClInclude>
    <ClInclude Include="include\rfc822\fieldvalue.h">
      <Filter>Header Files</Filter>
    </ClInclude>
    <ClInclude Include="include\rfc822\group.h">
      <Filter>Header Files</Filter>
    </ClInclude>
    <ClInclude Include="include\rfc822\header.h">
      <Filter>Header Files</Filter>
    </ClInclude>
    <ClInclude Include="include\rfc822\mailbox.h">
      <Filter>Header Files</Filter>
    </ClInclude>
    <ClInclude Include="include\rfc822\mailboxlist.h">
      <Filter>Header Files</Filter>
    </ClInclude>
    <ClInclude Include="include\rfc822\message.h">
      <Filter>Header Files</Filter>
    </ClInclude>
    <ClInclude Include="include\rfc822\messageid.h">
      <Filter>Header Files</Filter>
    </ClInclude>
    <ClInclude Include="include\rfc822\rfc822.h">
      <Filter>Header Files</Filter>
    </ClInclude>
  </ItemGroup>
</Project>